
Microsoft Visual Studio Solution File, Format Version 12.00
# Visual Studio Version 16
VisualStudioVersion = 16.0.29025.244
MinimumVisualStudioVersion = 10.0.40219.1
Project("{FAE04EC0-301F-11D3-BF4B-00C04F79EFBC}") = "UnsafeFileSender", "UnsaeFileSender\UnsafeFileSender.csproj", "{69568AAB-F31C-4668-9D89-DC6EC94467AB}"
EndProject
Global
	GlobalSection(SolutionConfigurationPlatforms) = preSolution
		Debug|Any CPU = Debug|Any CPU
		Release|Any CPU = Release|Any CPU
	EndGlobalSection
	GlobalSection(ProjectConfigurationPlatforms) = postSolution
		{69568AAB-F31C-4668-9D89-DC6EC94467AB}.Debug|Any CPU.ActiveCfg = Debug|Any CPU
		{69568AAB-F31C-4668-9D89-DC6EC94467AB}.Debug|Any CPU.Build.0 = Debug|Any CPU
		{69568AAB-F31C-4668-9D89-DC6EC94467AB}.Release|Any CPU.ActiveCfg = Release|Any CPU
		{69568AAB-F31C-4668-9D89-DC6EC94467AB}.Release|Any CPU.Build.0 = Release|Any CPU
	EndGlobalSection
	GlobalSection(SolutionProperties) = preSolution
		HideSolutionNode = FALSE
	EndGlobalSection
	GlobalSection(ExtensibilityGlobals) = postSolution
		SolutionGuid = {30E3EFEB-064A-41A2-84AD-69C264293CE2}
	EndGlobalSection
EndGlobal
